// !$*UTF8*$!
{
	archiveVersion = 1;
	classes = {
	};
	objectVersion = 48;
	objects = {

/* Begin PBXBuildFile section */
		58CF0FA99110D9363161758D /* Pods_Food_Love.framework in Frameworks */ = {isa = PBXBuildFile; fileRef = 76602EB115892ADD0A77C58C /* Pods_Food_Love.framework */; };
		8106D84F205D665B00F6EB3E /* WelcomeSlide.swift in Sources */ = {isa = PBXBuildFile; fileRef = 8106D84E205D665B00F6EB3E /* WelcomeSlide.swift */; };
		8106FFA320699B0200B02722 /* MakeDateVC.swift in Sources */ = {isa = PBXBuildFile; fileRef = 8106FFA220699B0200B02722 /* MakeDateVC.swift */; };
		8106FFB2206AB41D00B02722 /* NewDiscoverCollectionViewCell.swift in Sources */ = {isa = PBXBuildFile; fileRef = 8106FFB0206AB41C00B02722 /* NewDiscoverCollectionViewCell.swift */; };
		8106FFB3206AB41D00B02722 /* NewDiscoverCollectionViewCell.xib in Resources */ = {isa = PBXBuildFile; fileRef = 8106FFB1206AB41C00B02722 /* NewDiscoverCollectionViewCell.xib */; };
		8106FFB6206AB75E00B02722 /* NewAdmirerCollectionViewCell.swift in Sources */ = {isa = PBXBuildFile; fileRef = 8106FFB4206AB75E00B02722 /* NewAdmirerCollectionViewCell.swift */; };
		8106FFB7206AB75E00B02722 /* NewAdmirerCollectionViewCell.xib in Resources */ = {isa = PBXBuildFile; fileRef = 8106FFB5206AB75E00B02722 /* NewAdmirerCollectionViewCell.xib */; };
		8106FFB9206AF03E00B02722 /* UserProfileTableViewController.swift in Sources */ = {isa = PBXBuildFile; fileRef = 8106FFB8206AF03E00B02722 /* UserProfileTableViewController.swift */; };
		811E24CB20634BDF00E7CAF5 /* ConversationCell.swift in Sources */ = {isa = PBXBuildFile; fileRef = 811E24CA20634BDF00E7CAF5 /* ConversationCell.swift */; };
		811E4109207429E0000F0198 /* DBService+Conversations.swift in Sources */ = {isa = PBXBuildFile; fileRef = 811E4105207429DF000F0198 /* DBService+Conversations.swift */; };
		811E410A207429E0000F0198 /* AuthService.swift in Sources */ = {isa = PBXBuildFile; fileRef = 811E4106207429DF000F0198 /* AuthService.swift */; };
		811E410B207429E0000F0198 /* DBService+Lovers.swift in Sources */ = {isa = PBXBuildFile; fileRef = 811E4107207429E0000F0198 /* DBService+Lovers.swift */; };
		811E410C207429E0000F0198 /* DBService+Messages.swift in Sources */ = {isa = PBXBuildFile; fileRef = 811E4108207429E0000F0198 /* DBService+Messages.swift */; };
		813E323A2058F0A80076A98F /* MapKit.framework in Frameworks */ = {isa = PBXBuildFile; fileRef = 813E32392058F0A80076A98F /* MapKit.framework */; };
		8157B20A20767B87005F9259 /* NewDiscover.storyboard in Resources */ = {isa = PBXBuildFile; fileRef = 8157B20920767B87005F9259 /* NewDiscover.storyboard */; };
		8157B20C20767BAF005F9259 /* ConfigurationHelper.swift in Sources */ = {isa = PBXBuildFile; fileRef = 8157B20B20767BAE005F9259 /* ConfigurationHelper.swift */; };
		8157B20E20767BBE005F9259 /* CollectionViewHelper.swift in Sources */ = {isa = PBXBuildFile; fileRef = 8157B20D20767BBE005F9259 /* CollectionViewHelper.swift */; };
		8157B21020767BC5005F9259 /* StoryboardHelper.swift in Sources */ = {isa = PBXBuildFile; fileRef = 8157B20F20767BC5005F9259 /* StoryboardHelper.swift */; };
		8157B21220767BD1005F9259 /* UserViewController.swift in Sources */ = {isa = PBXBuildFile; fileRef = 8157B21120767BD1005F9259 /* UserViewController.swift */; };
		8157B21720767BDF005F9259 /* FaveFoodsCollectionViewCell.swift in Sources */ = {isa = PBXBuildFile; fileRef = 8157B21320767BDE005F9259 /* FaveFoodsCollectionViewCell.swift */; };
		8157B21820767BDF005F9259 /* UserDetailTableViewController.swift in Sources */ = {isa = PBXBuildFile; fileRef = 8157B21420767BDE005F9259 /* UserDetailTableViewController.swift */; };
		8157B21920767BDF005F9259 /* UserProfileCollectionViewCell.swift in Sources */ = {isa = PBXBuildFile; fileRef = 8157B21520767BDE005F9259 /* UserProfileCollectionViewCell.swift */; };
		8157B21A20767BDF005F9259 /* UserProfileCollectionViewCell.xib in Resources */ = {isa = PBXBuildFile; fileRef = 8157B21620767BDE005F9259 /* UserProfileCollectionViewCell.xib */; };
		8157B21D20767C47005F9259 /* AnimatedButtonBar.swift in Sources */ = {isa = PBXBuildFile; fileRef = 8157B21B20767C47005F9259 /* AnimatedButtonBar.swift */; };
		8157B21E20767C47005F9259 /* Rotatable.swift in Sources */ = {isa = PBXBuildFile; fileRef = 8157B21C20767C47005F9259 /* Rotatable.swift */; };
		815B2B3F205C2F92005C1C32 /* Extensions.swift in Sources */ = {isa = PBXBuildFile; fileRef = 815B2B3E205C2F91005C1C32 /* Extensions.swift */; };
		815B2B41205C2FD6005C1C32 /* Theme.xcassets in Resources */ = {isa = PBXBuildFile; fileRef = 815B2B40205C2FD6005C1C32 /* Theme.xcassets */; };
		816511F020670D5100F27F34 /* EditProfileFormViewController.swift in Sources */ = {isa = PBXBuildFile; fileRef = 816511EF20670D5100F27F34 /* EditProfileFormViewController.swift */; };
		816511F2206714F200F27F34 /* UserPicturesCollectionViewCell.swift in Sources */ = {isa = PBXBuildFile; fileRef = 816511F1206714F200F27F34 /* UserPicturesCollectionViewCell.swift */; };
		8166964C20733E3500179C38 /* OtherUserProfileCollectionCell.swift in Sources */ = {isa = PBXBuildFile; fileRef = 8166964B20733E3500179C38 /* OtherUserProfileCollectionCell.swift */; };
		81729CD52066297300FD5737 /* SearchRestaurant.swift in Sources */ = {isa = PBXBuildFile; fileRef = 81729CD42066297300FD5737 /* SearchRestaurant.swift */; };
		817AE42F206C825D006C2CA4 /* MessageFCM.swift in Sources */ = {isa = PBXBuildFile; fileRef = 817AE42E206C825D006C2CA4 /* MessageFCM.swift */; };
		817AE431206C846E006C2CA4 /* FCMKeys.swift in Sources */ = {isa = PBXBuildFile; fileRef = 817AE430206C846E006C2CA4 /* FCMKeys.swift */; };
		817AE433206C869A006C2CA4 /* FCMAPIClient.swift in Sources */ = {isa = PBXBuildFile; fileRef = 817AE432206C869A006C2CA4 /* FCMAPIClient.swift */; };
		817AE435206D679E006C2CA4 /* PlanDate.swift in Sources */ = {isa = PBXBuildFile; fileRef = 817AE434206D679E006C2CA4 /* PlanDate.swift */; };
		817F9B47205863B10061E1B6 /* AppDelegate.swift in Sources */ = {isa = PBXBuildFile; fileRef = 817F9B46205863B10061E1B6 /* AppDelegate.swift */; };
		817F9B4E205863B10061E1B6 /* Icons.xcassets in Resources */ = {isa = PBXBuildFile; fileRef = 817F9B4D205863B10061E1B6 /* Icons.xcassets */; };
		817F9B51205863B10061E1B6 /* LaunchScreen.storyboard in Resources */ = {isa = PBXBuildFile; fileRef = 817F9B4F205863B10061E1B6 /* LaunchScreen.storyboard */; };
		817F9B612058B7B50061E1B6 /* WelcomeVC.swift in Sources */ = {isa = PBXBuildFile; fileRef = 817F9B602058B7B50061E1B6 /* WelcomeVC.swift */; };
		817F9B632058B7D70061E1B6 /* LoginVC.swift in Sources */ = {isa = PBXBuildFile; fileRef = 817F9B622058B7D70061E1B6 /* LoginVC.swift */; };
		817F9B652058B7F20061E1B6 /* SignupVC.swift in Sources */ = {isa = PBXBuildFile; fileRef = 817F9B642058B7F20061E1B6 /* SignupVC.swift */; };
		817F9B672058B8060061E1B6 /* SetupProfileVC.swift in Sources */ = {isa = PBXBuildFile; fileRef = 817F9B662058B8060061E1B6 /* SetupProfileVC.swift */; };
		817F9B692058B81C0061E1B6 /* DiscoverVC.swift in Sources */ = {isa = PBXBuildFile; fileRef = 817F9B682058B81C0061E1B6 /* DiscoverVC.swift */; };
		817F9B6F2058B8840061E1B6 /* GoogleService-Info.plist in Resources */ = {isa = PBXBuildFile; fileRef = 817F9B6E2058B8830061E1B6 /* GoogleService-Info.plist */; };
		817F9B732058B8E40061E1B6 /* VideoVC.swift in Sources */ = {isa = PBXBuildFile; fileRef = 817F9B722058B8E40061E1B6 /* VideoVC.swift */; };
		817F9B752058B8F70061E1B6 /* DatesVC.swift in Sources */ = {isa = PBXBuildFile; fileRef = 817F9B742058B8F70061E1B6 /* DatesVC.swift */; };
		817F9B7B2058B9BA0061E1B6 /* ProfileVC.swift in Sources */ = {isa = PBXBuildFile; fileRef = 817F9B7A2058B9BA0061E1B6 /* ProfileVC.swift */; };
		817F9B7F2058D5BB0061E1B6 /* Images.xcassets in Resources */ = {isa = PBXBuildFile; fileRef = 817F9B7E2058D5BB0061E1B6 /* Images.xcassets */; };
		818BEE7E206606C400D9C62F /* DBService+UserProfile.swift in Sources */ = {isa = PBXBuildFile; fileRef = 818BEE7D206606C400D9C62F /* DBService+UserProfile.swift */; };
		818BEE80206609C200D9C62F /* StorageService+Images.swift in Sources */ = {isa = PBXBuildFile; fileRef = 818BEE7F206609C200D9C62F /* StorageService+Images.swift */; };
		818BEE9620688B1600D9C62F /* DBService+Likes.swift in Sources */ = {isa = PBXBuildFile; fileRef = 818BEE9520688B1600D9C62F /* DBService+Likes.swift */; };
		8195758A2066B009001F86F0 /* FaveFoodCollectionViewCell.swift in Sources */ = {isa = PBXBuildFile; fileRef = 819575892066B009001F86F0 /* FaveFoodCollectionViewCell.swift */; };
		8195758C2066C023001F86F0 /* Restaurant.storyboard in Resources */ = {isa = PBXBuildFile; fileRef = 8195758B2066C023001F86F0 /* Restaurant.storyboard */; };
		8195758F2066C8B9001F86F0 /* RestaurantDetailViewController.swift in Sources */ = {isa = PBXBuildFile; fileRef = 8195758E2066C8B9001F86F0 /* RestaurantDetailViewController.swift */; };
		819575922066CAAE001F86F0 /* RestaurantTableViewCell.swift in Sources */ = {isa = PBXBuildFile; fileRef = 819575912066CAAE001F86F0 /* RestaurantTableViewCell.swift */; };
		819934AE2061CD440075696F /* MatchesCell.swift in Sources */ = {isa = PBXBuildFile; fileRef = 819934AD2061CD440075696F /* MatchesCell.swift */; };
		819934B2206308D30075696F /* Conversation.swift in Sources */ = {isa = PBXBuildFile; fileRef = 819934B1206308D30075696F /* Conversation.swift */; };
		81A7B0752063368200566323 /* ChatCell.swift in Sources */ = {isa = PBXBuildFile; fileRef = 81A7B0742063368200566323 /* ChatCell.swift */; };
		81A9976220758B830021F823 /* UILabelX.swift in Sources */ = {isa = PBXBuildFile; fileRef = 81A9976120758B830021F823 /* UILabelX.swift */; };
		81AAF7EC206815C30077AAC2 /* FavoriteRestaurantTableViewCell.swift in Sources */ = {isa = PBXBuildFile; fileRef = 81AAF7EA206815C30077AAC2 /* FavoriteRestaurantTableViewCell.swift */; };
		81AAF7ED206815C30077AAC2 /* FavoriteRestaurantTableViewCell.xib in Resources */ = {isa = PBXBuildFile; fileRef = 81AAF7EB206815C30077AAC2 /* FavoriteRestaurantTableViewCell.xib */; };
		81AAF7F4206844C00077AAC2 /* AnswerTableViewCell.swift in Sources */ = {isa = PBXBuildFile; fileRef = 81AAF7F2206844C00077AAC2 /* AnswerTableViewCell.swift */; };
		81AAF7F5206844C00077AAC2 /* AnswerTableViewCell.xib in Resources */ = {isa = PBXBuildFile; fileRef = 81AAF7F3206844C00077AAC2 /* AnswerTableViewCell.xib */; };
		81AD5D912065DAC8007A5963 /* Dates.storyboard in Resources */ = {isa = PBXBuildFile; fileRef = 81AD5D902065DAC8007A5963 /* Dates.storyboard */; };
		81AD5D952065DBD6007A5963 /* Discover.storyboard in Resources */ = {isa = PBXBuildFile; fileRef = 81AD5D942065DBD6007A5963 /* Discover.storyboard */; };
		81AD5D972065DBFA007A5963 /* Welcome.storyboard in Resources */ = {isa = PBXBuildFile; fileRef = 81AD5D962065DBFA007A5963 /* Welcome.storyboard */; };
		81AD5D9B2065DC2C007A5963 /* Matches.storyboard in Resources */ = {isa = PBXBuildFile; fileRef = 81AD5D9A2065DC2C007A5963 /* Matches.storyboard */; };
		81AD5D9E2065DCA9007A5963 /* Profile.storyboard in Resources */ = {isa = PBXBuildFile; fileRef = 81AD5D9D2065DCA9007A5963 /* Profile.storyboard */; };
		81B03B362068FF9B002D1676 /* ChatView.swift in Sources */ = {isa = PBXBuildFile; fileRef = 81B03B352068FF9B002D1676 /* ChatView.swift */; };
		81BE09FC205DCE340099215D /* Main.storyboard in Resources */ = {isa = PBXBuildFile; fileRef = 81BE09FB205DCE340099215D /* Main.storyboard */; };
		81BE0A00205DDD5E0099215D /* UITextFieldX.swift in Sources */ = {isa = PBXBuildFile; fileRef = 81BE09FF205DDD5E0099215D /* UITextFieldX.swift */; };
		81BE0A03205DF8B90099215D /* Lover.swift in Sources */ = {isa = PBXBuildFile; fileRef = 81BE0A01205DF8B80099215D /* Lover.swift */; };
		81BE0A04205DF8B90099215D /* Message.swift in Sources */ = {isa = PBXBuildFile; fileRef = 81BE0A02205DF8B80099215D /* Message.swift */; };
		81BEEEBB206832EF0098A1C8 /* ProfileSetup.swift in Sources */ = {isa = PBXBuildFile; fileRef = 81BEEEBA206832EF0098A1C8 /* ProfileSetup.swift */; };
		81C46B52207980AE0011760D /* swipeRightToLeft.gif in Resources */ = {isa = PBXBuildFile; fileRef = 81C46B51207980AE0011760D /* swipeRightToLeft.gif */; };
		81C81F6C2077DDE300800144 /* Admirers.storyboard in Resources */ = {isa = PBXBuildFile; fileRef = 81C81F6B2077DDE300800144 /* Admirers.storyboard */; };
		81D082D5206ABCEC00B44E6D /* DBService+Category.swift in Sources */ = {isa = PBXBuildFile; fileRef = 81D082D4206ABCEC00B44E6D /* DBService+Category.swift */; };
		81D082D7206ACB2400B44E6D /* FoodCategory.swift in Sources */ = {isa = PBXBuildFile; fileRef = 81D082D6206ACB2400B44E6D /* FoodCategory.swift */; };
		81D26F0620598AF800BEBC47 /* FSPhoto.swift in Sources */ = {isa = PBXBuildFile; fileRef = 81D26F0520598AF800BEBC47 /* FSPhoto.swift */; };
		81D26F0A20598B7000BEBC47 /* FSSearch.swift in Sources */ = {isa = PBXBuildFile; fileRef = 81D26F0920598B7000BEBC47 /* FSSearch.swift */; };
		81D26F0E20598C3300BEBC47 /* YelpSearch.swift in Sources */ = {isa = PBXBuildFile; fileRef = 81D26F0D20598C3300BEBC47 /* YelpSearch.swift */; };
		81D26F1020598C5E00BEBC47 /* MapAnnotation.swift in Sources */ = {isa = PBXBuildFile; fileRef = 81D26F0F20598C5E00BEBC47 /* MapAnnotation.swift */; };
		81D26F1220598C9700BEBC47 /* FileManager.swift in Sources */ = {isa = PBXBuildFile; fileRef = 81D26F1120598C9700BEBC47 /* FileManager.swift */; };
		81D26F1720598D1600BEBC47 /* FourSquareAPIKeys.swift in Sources */ = {isa = PBXBuildFile; fileRef = 81D26F1620598D1600BEBC47 /* FourSquareAPIKeys.swift */; };
		81D26F1920598D3000BEBC47 /* YelpAPIKeys.swift in Sources */ = {isa = PBXBuildFile; fileRef = 81D26F1820598D3000BEBC47 /* YelpAPIKeys.swift */; };
		81D26F1B20598D6300BEBC47 /* LocationServices.swift in Sources */ = {isa = PBXBuildFile; fileRef = 81D26F1A20598D6300BEBC47 /* LocationServices.swift */; };
		81D26F1D20598D9200BEBC47 /* ImageService.swift in Sources */ = {isa = PBXBuildFile; fileRef = 81D26F1C20598D9200BEBC47 /* ImageService.swift */; };
		81D26F1F20598DAD00BEBC47 /* NetworkHelper.swift in Sources */ = {isa = PBXBuildFile; fileRef = 81D26F1E20598DAD00BEBC47 /* NetworkHelper.swift */; };
		81D6A00D205A0B0C001E9302 /* date.mp4 in Resources */ = {isa = PBXBuildFile; fileRef = 81D6A00C205A0B0B001E9302 /* date.mp4 */; };
		81E615E52060B9D800347CDA /* UIButtonX.swift in Sources */ = {isa = PBXBuildFile; fileRef = 81E615E42060B9D800347CDA /* UIButtonX.swift */; };
		81E615F12060C35C00347CDA /* UIImageViewX.swift in Sources */ = {isa = PBXBuildFile; fileRef = 81E615F02060C35C00347CDA /* UIImageViewX.swift */; };
		81E615F32060C3AA00347CDA /* UIViewX.swift in Sources */ = {isa = PBXBuildFile; fileRef = 81E615F22060C3AA00347CDA /* UIViewX.swift */; };
		81E615F82060E1C400347CDA /* WelcomeLogoSlide.swift in Sources */ = {isa = PBXBuildFile; fileRef = 81E615F72060E1C400347CDA /* WelcomeLogoSlide.swift */; };
		81E615FA2060E2AA00347CDA /* girlguy.gif in Resources */ = {isa = PBXBuildFile; fileRef = 81E615F92060E2AA00347CDA /* girlguy.gif */; };
		81E954BB205E1CEA004036D5 /* StorageService.swift in Sources */ = {isa = PBXBuildFile; fileRef = 81E954B6205E1CE9004036D5 /* StorageService.swift */; };
		81E954BD205E1CEA004036D5 /* AuthUserService.swift in Sources */ = {isa = PBXBuildFile; fileRef = 81E954B8205E1CEA004036D5 /* AuthUserService.swift */; };
		81E954BE205E1CEA004036D5 /* DBService.swift in Sources */ = {isa = PBXBuildFile; fileRef = 81E954B9205E1CEA004036D5 /* DBService.swift */; };
		81E954C3205E3289004036D5 /* flowers.gif in Resources */ = {isa = PBXBuildFile; fileRef = 81E954C2205E3288004036D5 /* flowers.gif */; };
		81EB93F12065B2F0006CD0AA /* AdmirersVC.swift in Sources */ = {isa = PBXBuildFile; fileRef = 81EB93F02065B2F0006CD0AA /* AdmirersVC.swift */; };
		81EB94082065B984006CD0AA /* FeedVC.swift in Sources */ = {isa = PBXBuildFile; fileRef = 81EB94072065B984006CD0AA /* FeedVC.swift */; };
		81EFF7F820697BE3005EA1A4 /* CalenderView.swift in Sources */ = {isa = PBXBuildFile; fileRef = 81EFF7F320697BE2005EA1A4 /* CalenderView.swift */; };
		81EFF7F920697BE3005EA1A4 /* SearchRestView.swift in Sources */ = {isa = PBXBuildFile; fileRef = 81EFF7F420697BE2005EA1A4 /* SearchRestView.swift */; };
		81EFF7FA20697BE3005EA1A4 /* SelectRestaurantView.swift in Sources */ = {isa = PBXBuildFile; fileRef = 81EFF7F520697BE2005EA1A4 /* SelectRestaurantView.swift */; };
		81EFF7FB20697BE3005EA1A4 /* WeekdaysView.swift in Sources */ = {isa = PBXBuildFile; fileRef = 81EFF7F620697BE2005EA1A4 /* WeekdaysView.swift */; };
		81EFF7FC20697BE3005EA1A4 /* MonthView.swift in Sources */ = {isa = PBXBuildFile; fileRef = 81EFF7F720697BE3005EA1A4 /* MonthView.swift */; };
		81EFF803206980D5005EA1A4 /* RestaurantTVCell.swift in Sources */ = {isa = PBXBuildFile; fileRef = 81EFF802206980D5005EA1A4 /* RestaurantTVCell.swift */; };
		81F633FD206026A3003E2A82 /* couple.mp4 in Resources */ = {isa = PBXBuildFile; fileRef = 81F633FC206026A3003E2A82 /* couple.mp4 */; };
		81F8DC392065E5B100FB2174 /* MatchesVC.swift in Sources */ = {isa = PBXBuildFile; fileRef = 81F8DC382065E5B100FB2174 /* MatchesVC.swift */; };
		81F8DC3B2065E5BA00FB2174 /* ChatVC.swift in Sources */ = {isa = PBXBuildFile; fileRef = 81F8DC3A2065E5B900FB2174 /* ChatVC.swift */; };
		81F8DC3D2065E5E100FB2174 /* DatesCell.swift in Sources */ = {isa = PBXBuildFile; fileRef = 81F8DC3C2065E5E100FB2174 /* DatesCell.swift */; };
		81FB25BF2076BED700FE30B1 /* DatesCellColapsed.swift in Sources */ = {isa = PBXBuildFile; fileRef = 81FB25BE2076BED700FE30B1 /* DatesCellColapsed.swift */; };
/* End PBXBuildFile section */

/* Begin PBXFileReference section */
		5572B6424E0BD1A00464C0FD /* Pods-Food+Love.debug.xcconfig */ = {isa = PBXFileReference; includeInIndex = 1; lastKnownFileType = text.xcconfig; name = "Pods-Food+Love.debug.xcconfig"; path = "Pods/Target Support Files/Pods-Food+Love/Pods-Food+Love.debug.xcconfig"; sourceTree = "<group>"; };
		76602EB115892ADD0A77C58C /* Pods_Food_Love.framework */ = {isa = PBXFileReference; explicitFileType = wrapper.framework; includeInIndex = 0; path = Pods_Food_Love.framework; sourceTree = BUILT_PRODUCTS_DIR; };
		8106D84E205D665B00F6EB3E /* WelcomeSlide.swift */ = {isa = PBXFileReference; lastKnownFileType = sourcecode.swift; path = WelcomeSlide.swift; sourceTree = "<group>"; };
		8106FFA220699B0200B02722 /* MakeDateVC.swift */ = {isa = PBXFileReference; fileEncoding = 4; lastKnownFileType = sourcecode.swift; path = MakeDateVC.swift; sourceTree = "<group>"; };
		8106FFB0206AB41C00B02722 /* NewDiscoverCollectionViewCell.swift */ = {isa = PBXFileReference; fileEncoding = 4; lastKnownFileType = sourcecode.swift; path = NewDiscoverCollectionViewCell.swift; sourceTree = "<group>"; };
		8106FFB1206AB41C00B02722 /* NewDiscoverCollectionViewCell.xib */ = {isa = PBXFileReference; fileEncoding = 4; lastKnownFileType = file.xib; path = NewDiscoverCollectionViewCell.xib; sourceTree = "<group>"; };
		8106FFB4206AB75E00B02722 /* NewAdmirerCollectionViewCell.swift */ = {isa = PBXFileReference; lastKnownFileType = sourcecode.swift; path = NewAdmirerCollectionViewCell.swift; sourceTree = "<group>"; };
		8106FFB5206AB75E00B02722 /* NewAdmirerCollectionViewCell.xib */ = {isa = PBXFileReference; lastKnownFileType = file.xib; path = NewAdmirerCollectionViewCell.xib; sourceTree = "<group>"; };
		8106FFB8206AF03E00B02722 /* UserProfileTableViewController.swift */ = {isa = PBXFileReference; lastKnownFileType = sourcecode.swift; path = UserProfileTableViewController.swift; sourceTree = "<group>"; };
		811E24CA20634BDF00E7CAF5 /* ConversationCell.swift */ = {isa = PBXFileReference; lastKnownFileType = sourcecode.swift; path = ConversationCell.swift; sourceTree = "<group>"; };
		811E4105207429DF000F0198 /* DBService+Conversations.swift */ = {isa = PBXFileReference; fileEncoding = 4; lastKnownFileType = sourcecode.swift; path = "DBService+Conversations.swift"; sourceTree = "<group>"; };
		811E4106207429DF000F0198 /* AuthService.swift */ = {isa = PBXFileReference; fileEncoding = 4; lastKnownFileType = sourcecode.swift; path = AuthService.swift; sourceTree = "<group>"; };
		811E4107207429E0000F0198 /* DBService+Lovers.swift */ = {isa = PBXFileReference; fileEncoding = 4; lastKnownFileType = sourcecode.swift; path = "DBService+Lovers.swift"; sourceTree = "<group>"; };
		811E4108207429E0000F0198 /* DBService+Messages.swift */ = {isa = PBXFileReference; fileEncoding = 4; lastKnownFileType = sourcecode.swift; path = "DBService+Messages.swift"; sourceTree = "<group>"; };
		813E32382058F09F0076A98F /* Food+Love.entitlements */ = {isa = PBXFileReference; lastKnownFileType = text.plist.entitlements; path = "Food+Love.entitlements"; sourceTree = "<group>"; };
		813E32392058F0A80076A98F /* MapKit.framework */ = {isa = PBXFileReference; lastKnownFileType = wrapper.framework; name = MapKit.framework; path = System/Library/Frameworks/MapKit.framework; sourceTree = SDKROOT; };
		8157B20920767B87005F9259 /* NewDiscover.storyboard */ = {isa = PBXFileReference; fileEncoding = 4; lastKnownFileType = file.storyboard; path = NewDiscover.storyboard; sourceTree = "<group>"; };
		8157B20B20767BAE005F9259 /* ConfigurationHelper.swift */ = {isa = PBXFileReference; fileEncoding = 4; lastKnownFileType = sourcecode.swift; path = ConfigurationHelper.swift; sourceTree = "<group>"; };
		8157B20D20767BBE005F9259 /* CollectionViewHelper.swift */ = {isa = PBXFileReference; fileEncoding = 4; lastKnownFileType = sourcecode.swift; path = CollectionViewHelper.swift; sourceTree = "<group>"; };
		8157B20F20767BC5005F9259 /* StoryboardHelper.swift */ = {isa = PBXFileReference; fileEncoding = 4; lastKnownFileType = sourcecode.swift; path = StoryboardHelper.swift; sourceTree = "<group>"; };
		8157B21120767BD1005F9259 /* UserViewController.swift */ = {isa = PBXFileReference; fileEncoding = 4; lastKnownFileType = sourcecode.swift; path = UserViewController.swift; sourceTree = "<group>"; };
		8157B21320767BDE005F9259 /* FaveFoodsCollectionViewCell.swift */ = {isa = PBXFileReference; fileEncoding = 4; lastKnownFileType = sourcecode.swift; path = FaveFoodsCollectionViewCell.swift; sourceTree = "<group>"; };
		8157B21420767BDE005F9259 /* UserDetailTableViewController.swift */ = {isa = PBXFileReference; fileEncoding = 4; lastKnownFileType = sourcecode.swift; path = UserDetailTableViewController.swift; sourceTree = "<group>"; };
		8157B21520767BDE005F9259 /* UserProfileCollectionViewCell.swift */ = {isa = PBXFileReference; fileEncoding = 4; lastKnownFileType = sourcecode.swift; path = UserProfileCollectionViewCell.swift; sourceTree = "<group>"; };
		8157B21620767BDE005F9259 /* UserProfileCollectionViewCell.xib */ = {isa = PBXFileReference; fileEncoding = 4; lastKnownFileType = file.xib; path = UserProfileCollectionViewCell.xib; sourceTree = "<group>"; };
		8157B21B20767C47005F9259 /* AnimatedButtonBar.swift */ = {isa = PBXFileReference; fileEncoding = 4; lastKnownFileType = sourcecode.swift; path = AnimatedButtonBar.swift; sourceTree = "<group>"; };
		8157B21C20767C47005F9259 /* Rotatable.swift */ = {isa = PBXFileReference; fileEncoding = 4; lastKnownFileType = sourcecode.swift; path = Rotatable.swift; sourceTree = "<group>"; };
		815B2B3E205C2F91005C1C32 /* Extensions.swift */ = {isa = PBXFileReference; lastKnownFileType = sourcecode.swift; path = Extensions.swift; sourceTree = "<group>"; };
		815B2B40205C2FD6005C1C32 /* Theme.xcassets */ = {isa = PBXFileReference; lastKnownFileType = folder.assetcatalog; path = Theme.xcassets; sourceTree = "<group>"; };
		816511EF20670D5100F27F34 /* EditProfileFormViewController.swift */ = {isa = PBXFileReference; lastKnownFileType = sourcecode.swift; path = EditProfileFormViewController.swift; sourceTree = "<group>"; };
		816511F1206714F200F27F34 /* UserPicturesCollectionViewCell.swift */ = {isa = PBXFileReference; lastKnownFileType = sourcecode.swift; path = UserPicturesCollectionViewCell.swift; sourceTree = "<group>"; };
		8166964B20733E3500179C38 /* OtherUserProfileCollectionCell.swift */ = {isa = PBXFileReference; lastKnownFileType = sourcecode.swift; path = OtherUserProfileCollectionCell.swift; sourceTree = "<group>"; };
		81729CD42066297300FD5737 /* SearchRestaurant.swift */ = {isa = PBXFileReference; lastKnownFileType = sourcecode.swift; path = SearchRestaurant.swift; sourceTree = "<group>"; };
		817AE42E206C825D006C2CA4 /* MessageFCM.swift */ = {isa = PBXFileReference; lastKnownFileType = sourcecode.swift; path = MessageFCM.swift; sourceTree = "<group>"; };
		817AE430206C846E006C2CA4 /* FCMKeys.swift */ = {isa = PBXFileReference; lastKnownFileType = sourcecode.swift; path = FCMKeys.swift; sourceTree = "<group>"; };
		817AE432206C869A006C2CA4 /* FCMAPIClient.swift */ = {isa = PBXFileReference; lastKnownFileType = sourcecode.swift; path = FCMAPIClient.swift; sourceTree = "<group>"; };
		817AE434206D679E006C2CA4 /* PlanDate.swift */ = {isa = PBXFileReference; lastKnownFileType = sourcecode.swift; path = PlanDate.swift; sourceTree = "<group>"; };
		817F9B43205863B10061E1B6 /* Food+Love.app */ = {isa = PBXFileReference; explicitFileType = wrapper.application; includeInIndex = 0; path = "Food+Love.app"; sourceTree = BUILT_PRODUCTS_DIR; };
		817F9B46205863B10061E1B6 /* AppDelegate.swift */ = {isa = PBXFileReference; lastKnownFileType = sourcecode.swift; path = AppDelegate.swift; sourceTree = "<group>"; };
		817F9B4D205863B10061E1B6 /* Icons.xcassets */ = {isa = PBXFileReference; lastKnownFileType = folder.assetcatalog; path = Icons.xcassets; sourceTree = "<group>"; };
		817F9B50205863B10061E1B6 /* Base */ = {isa = PBXFileReference; lastKnownFileType = file.storyboard; name = Base; path = Base.lproj/LaunchScreen.storyboard; sourceTree = "<group>"; };
		817F9B52205863B10061E1B6 /* Info.plist */ = {isa = PBXFileReference; lastKnownFileType = text.plist.xml; path = Info.plist; sourceTree = "<group>"; };
		817F9B602058B7B50061E1B6 /* WelcomeVC.swift */ = {isa = PBXFileReference; lastKnownFileType = sourcecode.swift; path = WelcomeVC.swift; sourceTree = "<group>"; };
		817F9B622058B7D70061E1B6 /* LoginVC.swift */ = {isa = PBXFileReference; lastKnownFileType = sourcecode.swift; path = LoginVC.swift; sourceTree = "<group>"; };
		817F9B642058B7F20061E1B6 /* SignupVC.swift */ = {isa = PBXFileReference; lastKnownFileType = sourcecode.swift; path = SignupVC.swift; sourceTree = "<group>"; };
		817F9B662058B8060061E1B6 /* SetupProfileVC.swift */ = {isa = PBXFileReference; lastKnownFileType = sourcecode.swift; path = SetupProfileVC.swift; sourceTree = "<group>"; };
		817F9B682058B81C0061E1B6 /* DiscoverVC.swift */ = {isa = PBXFileReference; lastKnownFileType = sourcecode.swift; path = DiscoverVC.swift; sourceTree = "<group>"; };
		817F9B6E2058B8830061E1B6 /* GoogleService-Info.plist */ = {isa = PBXFileReference; fileEncoding = 4; lastKnownFileType = text.plist.xml; name = "GoogleService-Info.plist"; path = "Food+Love/SupportingFiles/GoogleService-Info.plist"; sourceTree = SOURCE_ROOT; };
		817F9B722058B8E40061E1B6 /* VideoVC.swift */ = {isa = PBXFileReference; lastKnownFileType = sourcecode.swift; path = VideoVC.swift; sourceTree = "<group>"; };
		817F9B742058B8F70061E1B6 /* DatesVC.swift */ = {isa = PBXFileReference; lastKnownFileType = sourcecode.swift; path = DatesVC.swift; sourceTree = "<group>"; };
		817F9B7A2058B9BA0061E1B6 /* ProfileVC.swift */ = {isa = PBXFileReference; lastKnownFileType = sourcecode.swift; path = ProfileVC.swift; sourceTree = "<group>"; };
		817F9B7E2058D5BB0061E1B6 /* Images.xcassets */ = {isa = PBXFileReference; lastKnownFileType = folder.assetcatalog; path = Images.xcassets; sourceTree = "<group>"; };
		818BEE7D206606C400D9C62F /* DBService+UserProfile.swift */ = {isa = PBXFileReference; lastKnownFileType = sourcecode.swift; path = "DBService+UserProfile.swift"; sourceTree = "<group>"; };
		818BEE7F206609C200D9C62F /* StorageService+Images.swift */ = {isa = PBXFileReference; lastKnownFileType = sourcecode.swift; path = "StorageService+Images.swift"; sourceTree = "<group>"; };
		818BEE9520688B1600D9C62F /* DBService+Likes.swift */ = {isa = PBXFileReference; lastKnownFileType = sourcecode.swift; path = "DBService+Likes.swift"; sourceTree = "<group>"; };
		819575892066B009001F86F0 /* FaveFoodCollectionViewCell.swift */ = {isa = PBXFileReference; lastKnownFileType = sourcecode.swift; path = FaveFoodCollectionViewCell.swift; sourceTree = "<group>"; };
		8195758B2066C023001F86F0 /* Restaurant.storyboard */ = {isa = PBXFileReference; lastKnownFileType = file.storyboard; path = Restaurant.storyboard; sourceTree = "<group>"; };
		8195758E2066C8B9001F86F0 /* RestaurantDetailViewController.swift */ = {isa = PBXFileReference; lastKnownFileType = sourcecode.swift; path = RestaurantDetailViewController.swift; sourceTree = "<group>"; };
		819575912066CAAE001F86F0 /* RestaurantTableViewCell.swift */ = {isa = PBXFileReference; lastKnownFileType = sourcecode.swift; path = RestaurantTableViewCell.swift; sourceTree = "<group>"; };
		819934AD2061CD440075696F /* MatchesCell.swift */ = {isa = PBXFileReference; lastKnownFileType = sourcecode.swift; path = MatchesCell.swift; sourceTree = "<group>"; };
		819934B1206308D30075696F /* Conversation.swift */ = {isa = PBXFileReference; lastKnownFileType = sourcecode.swift; path = Conversation.swift; sourceTree = "<group>"; };
		81A7B0742063368200566323 /* ChatCell.swift */ = {isa = PBXFileReference; lastKnownFileType = sourcecode.swift; path = ChatCell.swift; sourceTree = "<group>"; };
		81A9976120758B830021F823 /* UILabelX.swift */ = {isa = PBXFileReference; fileEncoding = 4; lastKnownFileType = sourcecode.swift; path = UILabelX.swift; sourceTree = "<group>"; };
		81AAF7EA206815C30077AAC2 /* FavoriteRestaurantTableViewCell.swift */ = {isa = PBXFileReference; lastKnownFileType = sourcecode.swift; path = FavoriteRestaurantTableViewCell.swift; sourceTree = "<group>"; };
		81AAF7EB206815C30077AAC2 /* FavoriteRestaurantTableViewCell.xib */ = {isa = PBXFileReference; lastKnownFileType = file.xib; path = FavoriteRestaurantTableViewCell.xib; sourceTree = "<group>"; };
		81AAF7F2206844C00077AAC2 /* AnswerTableViewCell.swift */ = {isa = PBXFileReference; lastKnownFileType = sourcecode.swift; path = AnswerTableViewCell.swift; sourceTree = "<group>"; };
		81AAF7F3206844C00077AAC2 /* AnswerTableViewCell.xib */ = {isa = PBXFileReference; lastKnownFileType = file.xib; path = AnswerTableViewCell.xib; sourceTree = "<group>"; };
		81AD5D902065DAC8007A5963 /* Dates.storyboard */ = {isa = PBXFileReference; lastKnownFileType = file.storyboard; path = Dates.storyboard; sourceTree = "<group>"; };
		81AD5D942065DBD6007A5963 /* Discover.storyboard */ = {isa = PBXFileReference; lastKnownFileType = file.storyboard; path = Discover.storyboard; sourceTree = "<group>"; };
		81AD5D962065DBFA007A5963 /* Welcome.storyboard */ = {isa = PBXFileReference; lastKnownFileType = file.storyboard; path = Welcome.storyboard; sourceTree = "<group>"; };
		81AD5D9A2065DC2C007A5963 /* Matches.storyboard */ = {isa = PBXFileReference; lastKnownFileType = file.storyboard; path = Matches.storyboard; sourceTree = "<group>"; };
		81AD5D9D2065DCA9007A5963 /* Profile.storyboard */ = {isa = PBXFileReference; lastKnownFileType = file.storyboard; path = Profile.storyboard; sourceTree = "<group>"; };
		81B03B352068FF9B002D1676 /* ChatView.swift */ = {isa = PBXFileReference; lastKnownFileType = sourcecode.swift; path = ChatView.swift; sourceTree = "<group>"; };
		81BE09FB205DCE340099215D /* Main.storyboard */ = {isa = PBXFileReference; fileEncoding = 4; lastKnownFileType = file.storyboard; path = Main.storyboard; sourceTree = "<group>"; };
		81BE09FF205DDD5E0099215D /* UITextFieldX.swift */ = {isa = PBXFileReference; fileEncoding = 4; lastKnownFileType = sourcecode.swift; name = UITextFieldX.swift; path = "Food+Love/SupportingFiles/IBDesignables/UITextFieldX.swift"; sourceTree = SOURCE_ROOT; };
		81BE0A01205DF8B80099215D /* Lover.swift */ = {isa = PBXFileReference; fileEncoding = 4; lastKnownFileType = sourcecode.swift; path = Lover.swift; sourceTree = "<group>"; };
		81BE0A02205DF8B80099215D /* Message.swift */ = {isa = PBXFileReference; fileEncoding = 4; lastKnownFileType = sourcecode.swift; path = Message.swift; sourceTree = "<group>"; };
		81BEEEBA206832EF0098A1C8 /* ProfileSetup.swift */ = {isa = PBXFileReference; lastKnownFileType = sourcecode.swift; path = ProfileSetup.swift; sourceTree = "<group>"; };
		81C46B51207980AE0011760D /* swipeRightToLeft.gif */ = {isa = PBXFileReference; lastKnownFileType = image.gif; path = swipeRightToLeft.gif; sourceTree = "<group>"; };
		81C81F6B2077DDE300800144 /* Admirers.storyboard */ = {isa = PBXFileReference; lastKnownFileType = file.storyboard; path = Admirers.storyboard; sourceTree = "<group>"; };
		81D082D4206ABCEC00B44E6D /* DBService+Category.swift */ = {isa = PBXFileReference; lastKnownFileType = sourcecode.swift; path = "DBService+Category.swift"; sourceTree = "<group>"; };
		81D082D6206ACB2400B44E6D /* FoodCategory.swift */ = {isa = PBXFileReference; lastKnownFileType = sourcecode.swift; path = FoodCategory.swift; sourceTree = "<group>"; };
		81D26F0520598AF800BEBC47 /* FSPhoto.swift */ = {isa = PBXFileReference; lastKnownFileType = sourcecode.swift; path = FSPhoto.swift; sourceTree = "<group>"; };
		81D26F0920598B7000BEBC47 /* FSSearch.swift */ = {isa = PBXFileReference; lastKnownFileType = sourcecode.swift; path = FSSearch.swift; sourceTree = "<group>"; };
		81D26F0D20598C3300BEBC47 /* YelpSearch.swift */ = {isa = PBXFileReference; lastKnownFileType = sourcecode.swift; path = YelpSearch.swift; sourceTree = "<group>"; };
		81D26F0F20598C5E00BEBC47 /* MapAnnotation.swift */ = {isa = PBXFileReference; lastKnownFileType = sourcecode.swift; path = MapAnnotation.swift; sourceTree = "<group>"; };
		81D26F1120598C9700BEBC47 /* FileManager.swift */ = {isa = PBXFileReference; lastKnownFileType = sourcecode.swift; path = FileManager.swift; sourceTree = "<group>"; };
		81D26F1620598D1600BEBC47 /* FourSquareAPIKeys.swift */ = {isa = PBXFileReference; lastKnownFileType = sourcecode.swift; path = FourSquareAPIKeys.swift; sourceTree = "<group>"; };
		81D26F1820598D3000BEBC47 /* YelpAPIKeys.swift */ = {isa = PBXFileReference; lastKnownFileType = sourcecode.swift; path = YelpAPIKeys.swift; sourceTree = "<group>"; };
		81D26F1A20598D6300BEBC47 /* LocationServices.swift */ = {isa = PBXFileReference; lastKnownFileType = sourcecode.swift; path = LocationServices.swift; sourceTree = "<group>"; };
		81D26F1C20598D9200BEBC47 /* ImageService.swift */ = {isa = PBXFileReference; lastKnownFileType = sourcecode.swift; path = ImageService.swift; sourceTree = "<group>"; };
		81D26F1E20598DAD00BEBC47 /* NetworkHelper.swift */ = {isa = PBXFileReference; lastKnownFileType = sourcecode.swift; path = NetworkHelper.swift; sourceTree = "<group>"; };
		81D6A00C205A0B0B001E9302 /* date.mp4 */ = {isa = PBXFileReference; lastKnownFileType = file; path = date.mp4; sourceTree = "<group>"; };
		81E615E42060B9D800347CDA /* UIButtonX.swift */ = {isa = PBXFileReference; lastKnownFileType = sourcecode.swift; path = UIButtonX.swift; sourceTree = "<group>"; };
		81E615F02060C35C00347CDA /* UIImageViewX.swift */ = {isa = PBXFileReference; lastKnownFileType = sourcecode.swift; path = UIImageViewX.swift; sourceTree = "<group>"; };
		81E615F22060C3AA00347CDA /* UIViewX.swift */ = {isa = PBXFileReference; lastKnownFileType = sourcecode.swift; path = UIViewX.swift; sourceTree = "<group>"; };
		81E615F72060E1C400347CDA /* WelcomeLogoSlide.swift */ = {isa = PBXFileReference; lastKnownFileType = sourcecode.swift; path = WelcomeLogoSlide.swift; sourceTree = "<group>"; };
		81E615F92060E2AA00347CDA /* girlguy.gif */ = {isa = PBXFileReference; lastKnownFileType = image.gif; path = girlguy.gif; sourceTree = "<group>"; };
		81E954B6205E1CE9004036D5 /* StorageService.swift */ = {isa = PBXFileReference; fileEncoding = 4; lastKnownFileType = sourcecode.swift; path = StorageService.swift; sourceTree = "<group>"; };
		81E954B8205E1CEA004036D5 /* AuthUserService.swift */ = {isa = PBXFileReference; fileEncoding = 4; lastKnownFileType = sourcecode.swift; path = AuthUserService.swift; sourceTree = "<group>"; };
		81E954B9205E1CEA004036D5 /* DBService.swift */ = {isa = PBXFileReference; fileEncoding = 4; lastKnownFileType = sourcecode.swift; path = DBService.swift; sourceTree = "<group>"; };
		81E954C2205E3288004036D5 /* flowers.gif */ = {isa = PBXFileReference; lastKnownFileType = image.gif; path = flowers.gif; sourceTree = "<group>"; };
		81EB93F02065B2F0006CD0AA /* AdmirersVC.swift */ = {isa = PBXFileReference; lastKnownFileType = sourcecode.swift; path = AdmirersVC.swift; sourceTree = "<group>"; };
		81EB94072065B984006CD0AA /* FeedVC.swift */ = {isa = PBXFileReference; lastKnownFileType = sourcecode.swift; path = FeedVC.swift; sourceTree = "<group>"; };
		81EFF7F320697BE2005EA1A4 /* CalenderView.swift */ = {isa = PBXFileReference; fileEncoding = 4; lastKnownFileType = sourcecode.swift; path = CalenderView.swift; sourceTree = "<group>"; };
		81EFF7F420697BE2005EA1A4 /* SearchRestView.swift */ = {isa = PBXFileReference; fileEncoding = 4; lastKnownFileType = sourcecode.swift; path = SearchRestView.swift; sourceTree = "<group>"; };
		81EFF7F520697BE2005EA1A4 /* SelectRestaurantView.swift */ = {isa = PBXFileReference; fileEncoding = 4; lastKnownFileType = sourcecode.swift; path = SelectRestaurantView.swift; sourceTree = "<group>"; };
		81EFF7F620697BE2005EA1A4 /* WeekdaysView.swift */ = {isa = PBXFileReference; fileEncoding = 4; lastKnownFileType = sourcecode.swift; path = WeekdaysView.swift; sourceTree = "<group>"; };
		81EFF7F720697BE3005EA1A4 /* MonthView.swift */ = {isa = PBXFileReference; fileEncoding = 4; lastKnownFileType = sourcecode.swift; path = MonthView.swift; sourceTree = "<group>"; };
		81EFF802206980D5005EA1A4 /* RestaurantTVCell.swift */ = {isa = PBXFileReference; fileEncoding = 4; lastKnownFileType = sourcecode.swift; path = RestaurantTVCell.swift; sourceTree = "<group>"; };
		81F633FC206026A3003E2A82 /* couple.mp4 */ = {isa = PBXFileReference; lastKnownFileType = file; path = couple.mp4; sourceTree = "<group>"; };
		81F8DC382065E5B100FB2174 /* MatchesVC.swift */ = {isa = PBXFileReference; fileEncoding = 4; lastKnownFileType = sourcecode.swift; path = MatchesVC.swift; sourceTree = "<group>"; };
		81F8DC3A2065E5B900FB2174 /* ChatVC.swift */ = {isa = PBXFileReference; fileEncoding = 4; lastKnownFileType = sourcecode.swift; path = ChatVC.swift; sourceTree = "<group>"; };
		81F8DC3C2065E5E100FB2174 /* DatesCell.swift */ = {isa = PBXFileReference; lastKnownFileType = sourcecode.swift; path = DatesCell.swift; sourceTree = "<group>"; };
		81FB25BE2076BED700FE30B1 /* DatesCellColapsed.swift */ = {isa = PBXFileReference; lastKnownFileType = sourcecode.swift; path = DatesCellColapsed.swift; sourceTree = "<group>"; };
		F854EBC64664453D7ACE358A /* Pods-Food+Love.release.xcconfig */ = {isa = PBXFileReference; includeInIndex = 1; lastKnownFileType = text.xcconfig; name = "Pods-Food+Love.release.xcconfig"; path = "Pods/Target Support Files/Pods-Food+Love/Pods-Food+Love.release.xcconfig"; sourceTree = "<group>"; };
/* End PBXFileReference section */

/* Begin PBXFrameworksBuildPhase section */
		817F9B40205863B10061E1B6 /* Frameworks */ = {
			isa = PBXFrameworksBuildPhase;
			buildActionMask = 2147483647;
			files = (
				813E323A2058F0A80076A98F /* MapKit.framework in Frameworks */,
				58CF0FA99110D9363161758D /* Pods_Food_Love.framework in Frameworks */,
			);
			runOnlyForDeploymentPostprocessing = 0;
		};
/* End PBXFrameworksBuildPhase section */

/* Begin PBXGroup section */
		811E24CC20636B2500E7CAF5 /* LaunchScreen */ = {
			isa = PBXGroup;
			children = (
				817F9B4F205863B10061E1B6 /* LaunchScreen.storyboard */,
			);
			path = LaunchScreen;
			sourceTree = "<group>";
		};
		811E24CD20636B3200E7CAF5 /* Main */ = {
			isa = PBXGroup;
			children = (
				81BE09FB205DCE340099215D /* Main.storyboard */,
			);
			path = Main;
			sourceTree = "<group>";
		};
		813E323B205961BE0076A98F /* Videos */ = {
			isa = PBXGroup;
			children = (
				81F633FC206026A3003E2A82 /* couple.mp4 */,
				81D6A00C205A0B0B001E9302 /* date.mp4 */,
			);
			path = Videos;
			sourceTree = "<group>";
		};
		8157B20820767B3F005F9259 /* New Discover Page  */ = {
			isa = PBXGroup;
			children = (
				8157B20920767B87005F9259 /* NewDiscover.storyboard */,
				8157B20F20767BC5005F9259 /* StoryboardHelper.swift */,
				8157B20B20767BAE005F9259 /* ConfigurationHelper.swift */,
				8157B20D20767BBE005F9259 /* CollectionViewHelper.swift */,
				8157B21120767BD1005F9259 /* UserViewController.swift */,
				8157B21320767BDE005F9259 /* FaveFoodsCollectionViewCell.swift */,
				8157B21420767BDE005F9259 /* UserDetailTableViewController.swift */,
				8157B21520767BDE005F9259 /* UserProfileCollectionViewCell.swift */,
				8157B21620767BDE005F9259 /* UserProfileCollectionViewCell.xib */,
				8157B21B20767C47005F9259 /* AnimatedButtonBar.swift */,
				8157B21C20767C47005F9259 /* Rotatable.swift */,
			);
			path = "New Discover Page ";
			sourceTree = "<group>";
		};
		817F9B3A205863B10061E1B6 = {
			isa = PBXGroup;
			children = (
				817F9B45205863B10061E1B6 /* Food+Love */,
				817F9B44205863B10061E1B6 /* Products */,
				8CB0A3244DA855F3B2A0B41A /* Pods */,
				AF9362DDF127B9A0E1F33BB8 /* Frameworks */,
			);
			sourceTree = "<group>";
		};
		817F9B44205863B10061E1B6 /* Products */ = {
			isa = PBXGroup;
			children = (
				817F9B43205863B10061E1B6 /* Food+Love.app */,
			);
			name = Products;
			sourceTree = "<group>";
		};
		817F9B45205863B10061E1B6 /* Food+Love */ = {
			isa = PBXGroup;
			children = (
				8157B20820767B3F005F9259 /* New Discover Page  */,
				813E32382058F09F0076A98F /* Food+Love.entitlements */,
				817F9B5D2058646E0061E1B6 /* Storyboards */,
				817F9B5C205863D60061E1B6 /* SupportingFiles */,
				817F9B5B205863CF0061E1B6 /* Services */,
				817F9B5A205863CA0061E1B6 /* Models */,
				817F9B59205863C50061E1B6 /* Views */,
				817F9B58205863B90061E1B6 /* Controllers */,
			);
			path = "Food+Love";
			sourceTree = "<group>";
		};
		817F9B58205863B90061E1B6 /* Controllers */ = {
			isa = PBXGroup;
			children = (
				81BE09FA205DCD740099215D /* Welcome Controllers */,
				81F8DC352065E47100FB2174 /* Discover Controllers */,
				81F8DC332065E45900FB2174 /* Matches Controllers */,
				81F8DC342065E46300FB2174 /* Dates Controllers */,
				81F8DC362065E47C00FB2174 /* Profile Controllers */,
				819575902066C8C0001F86F0 /* Restaurant View Controllers */,
			);
			path = Controllers;
			sourceTree = "<group>";
		};
		817F9B59205863C50061E1B6 /* Views */ = {
			isa = PBXGroup;
			children = (
				81F4F8E72063B9C8008D716B /* Welcome Views */,
				81EB93FB2065B7DF006CD0AA /* Discover Views */,
				81F4F8E82063B9D8008D716B /* Matches Views */,
				81F8DC372065E51D00FB2174 /* Dates Views */,
				81EB94022065B81D006CD0AA /* Profile Views */,
				81BF94222066E74200103C7E /* Restaurant Views */,
			);
			path = Views;
			sourceTree = "<group>";
		};
		817F9B5A205863CA0061E1B6 /* Models */ = {
			isa = PBXGroup;
			children = (
				81BE0A01205DF8B80099215D /* Lover.swift */,
				819934B1206308D30075696F /* Conversation.swift */,
				81BE0A02205DF8B80099215D /* Message.swift */,
				81D082D6206ACB2400B44E6D /* FoodCategory.swift */,
				817AE42E206C825D006C2CA4 /* MessageFCM.swift */,
				81E615E82060C1A800347CDA /* Restaurant Search */,
			);
			path = Models;
			sourceTree = "<group>";
		};
		817F9B5B205863CF0061E1B6 /* Services */ = {
			isa = PBXGroup;
			children = (
				81D26F1A20598D6300BEBC47 /* LocationServices.swift */,
				81D26F1E20598DAD00BEBC47 /* NetworkHelper.swift */,
				81D26F1C20598D9200BEBC47 /* ImageService.swift */,
				81D26F1120598C9700BEBC47 /* FileManager.swift */,
				81F4F8E42063A78C008D716B /* Firebase */,
			);
			path = Services;
			sourceTree = "<group>";
		};
		817F9B5C205863D60061E1B6 /* SupportingFiles */ = {
			isa = PBXGroup;
			children = (
				81E954C5205E32CA004036D5 /* IBDesignables */,
				81E954C4205E32BA004036D5 /* Gifs */,
				813E323B205961BE0076A98F /* Videos */,
				817F9B46205863B10061E1B6 /* AppDelegate.swift */,
				817F9B6E2058B8830061E1B6 /* GoogleService-Info.plist */,
				817F9B52205863B10061E1B6 /* Info.plist */,
				815B2B3E205C2F91005C1C32 /* Extensions.swift */,
				817F9B7E2058D5BB0061E1B6 /* Images.xcassets */,
				817F9B4D205863B10061E1B6 /* Icons.xcassets */,
				815B2B40205C2FD6005C1C32 /* Theme.xcassets */,
			);
			path = SupportingFiles;
			sourceTree = "<group>";
		};
		817F9B5D2058646E0061E1B6 /* Storyboards */ = {
			isa = PBXGroup;
			children = (
				811E24CC20636B2500E7CAF5 /* LaunchScreen */,
				81AD5D982065DBFE007A5963 /* Welcome */,
				811E24CD20636B3200E7CAF5 /* Main */,
				81AD5D932065DBC7007A5963 /* Discover */,
				81AD5D992065DC1C007A5963 /* Matches */,
				81AD5D922065DACE007A5963 /* Dates */,
				81AD5D9C2065DC9E007A5963 /* Profile */,
				8195758D2066C02B001F86F0 /* Restaurant */,
				81C81F6D2077DDE900800144 /* Admirers */,
			);
			path = Storyboards;
			sourceTree = "<group>";
		};
		8195758D2066C02B001F86F0 /* Restaurant */ = {
			isa = PBXGroup;
			children = (
				8195758B2066C023001F86F0 /* Restaurant.storyboard */,
			);
			path = Restaurant;
			sourceTree = "<group>";
		};
		819575902066C8C0001F86F0 /* Restaurant View Controllers */ = {
			isa = PBXGroup;
			children = (
				8195758E2066C8B9001F86F0 /* RestaurantDetailViewController.swift */,
			);
			path = "Restaurant View Controllers";
			sourceTree = "<group>";
		};
		81AD5D922065DACE007A5963 /* Dates */ = {
			isa = PBXGroup;
			children = (
				81AD5D902065DAC8007A5963 /* Dates.storyboard */,
			);
			path = Dates;
			sourceTree = "<group>";
		};
		81AD5D932065DBC7007A5963 /* Discover */ = {
			isa = PBXGroup;
			children = (
				81AD5D942065DBD6007A5963 /* Discover.storyboard */,
			);
			path = Discover;
			sourceTree = "<group>";
		};
		81AD5D982065DBFE007A5963 /* Welcome */ = {
			isa = PBXGroup;
			children = (
				81AD5D962065DBFA007A5963 /* Welcome.storyboard */,
			);
			path = Welcome;
			sourceTree = "<group>";
		};
		81AD5D992065DC1C007A5963 /* Matches */ = {
			isa = PBXGroup;
			children = (
				81AD5D9A2065DC2C007A5963 /* Matches.storyboard */,
			);
			path = Matches;
			sourceTree = "<group>";
		};
		81AD5D9C2065DC9E007A5963 /* Profile */ = {
			isa = PBXGroup;
			children = (
				81AD5D9D2065DCA9007A5963 /* Profile.storyboard */,
			);
			path = Profile;
			sourceTree = "<group>";
		};
		81BE09FA205DCD740099215D /* Welcome Controllers */ = {
			isa = PBXGroup;
			children = (
				817F9B602058B7B50061E1B6 /* WelcomeVC.swift */,
				817F9B622058B7D70061E1B6 /* LoginVC.swift */,
				817F9B642058B7F20061E1B6 /* SignupVC.swift */,
				817F9B662058B8060061E1B6 /* SetupProfileVC.swift */,
			);
			path = "Welcome Controllers";
			sourceTree = "<group>";
		};
		81BF94222066E74200103C7E /* Restaurant Views */ = {
			isa = PBXGroup;
			children = (
				819575912066CAAE001F86F0 /* RestaurantTableViewCell.swift */,
			);
			path = "Restaurant Views";
			sourceTree = "<group>";
		};
		81C81F6D2077DDE900800144 /* Admirers */ = {
			isa = PBXGroup;
			children = (
				81C81F6B2077DDE300800144 /* Admirers.storyboard */,
			);
			path = Admirers;
			sourceTree = "<group>";
		};
		81E615E82060C1A800347CDA /* Restaurant Search */ = {
			isa = PBXGroup;
			children = (
				817AE434206D679E006C2CA4 /* PlanDate.swift */,
				81D26F1620598D1600BEBC47 /* FourSquareAPIKeys.swift */,
				81D26F0520598AF800BEBC47 /* FSPhoto.swift */,
				81D26F0920598B7000BEBC47 /* FSSearch.swift */,
				81D26F1820598D3000BEBC47 /* YelpAPIKeys.swift */,
				81D26F0D20598C3300BEBC47 /* YelpSearch.swift */,
				81D26F0F20598C5E00BEBC47 /* MapAnnotation.swift */,
			);
			path = "Restaurant Search";
			sourceTree = "<group>";
		};
		81E954C4205E32BA004036D5 /* Gifs */ = {
			isa = PBXGroup;
			children = (
				81E615F92060E2AA00347CDA /* girlguy.gif */,
				81C46B51207980AE0011760D /* swipeRightToLeft.gif */,
				81E954C2205E3288004036D5 /* flowers.gif */,
			);
			path = Gifs;
			sourceTree = "<group>";
		};
		81E954C5205E32CA004036D5 /* IBDesignables */ = {
			isa = PBXGroup;
			children = (
				81A9976120758B830021F823 /* UILabelX.swift */,
				81BE09FF205DDD5E0099215D /* UITextFieldX.swift */,
				81E615E42060B9D800347CDA /* UIButtonX.swift */,
				81E615F02060C35C00347CDA /* UIImageViewX.swift */,
				81E615F22060C3AA00347CDA /* UIViewX.swift */,
			);
			path = IBDesignables;
			sourceTree = "<group>";
		};
		81EB93FB2065B7DF006CD0AA /* Discover Views */ = {
			isa = PBXGroup;
			children = (
				8106FFB0206AB41C00B02722 /* NewDiscoverCollectionViewCell.swift */,
				8106FFB1206AB41C00B02722 /* NewDiscoverCollectionViewCell.xib */,
				8106FFB4206AB75E00B02722 /* NewAdmirerCollectionViewCell.swift */,
				8106FFB5206AB75E00B02722 /* NewAdmirerCollectionViewCell.xib */,
			);
			path = "Discover Views";
			sourceTree = "<group>";
		};
		81EB94022065B81D006CD0AA /* Profile Views */ = {
			isa = PBXGroup;
			children = (
				819575892066B009001F86F0 /* FaveFoodCollectionViewCell.swift */,
				816511F1206714F200F27F34 /* UserPicturesCollectionViewCell.swift */,
				8166964B20733E3500179C38 /* OtherUserProfileCollectionCell.swift */,
				81AAF7EA206815C30077AAC2 /* FavoriteRestaurantTableViewCell.swift */,
				81AAF7EB206815C30077AAC2 /* FavoriteRestaurantTableViewCell.xib */,
				81AAF7F2206844C00077AAC2 /* AnswerTableViewCell.swift */,
				81AAF7F3206844C00077AAC2 /* AnswerTableViewCell.xib */,
			);
			path = "Profile Views";
			sourceTree = "<group>";
		};
		81EFF801206980CB005EA1A4 /* Cells */ = {
			isa = PBXGroup;
			children = (
				81EFF802206980D5005EA1A4 /* RestaurantTVCell.swift */,
				81F8DC3C2065E5E100FB2174 /* DatesCell.swift */,
				81FB25BE2076BED700FE30B1 /* DatesCellColapsed.swift */,
			);
			path = Cells;
			sourceTree = "<group>";
		};
		81F4F8E42063A78C008D716B /* Firebase */ = {
			isa = PBXGroup;
			children = (
				811E4106207429DF000F0198 /* AuthService.swift */,
				81E954B8205E1CEA004036D5 /* AuthUserService.swift */,
				81E954B9205E1CEA004036D5 /* DBService.swift */,
				811E4107207429E0000F0198 /* DBService+Lovers.swift */,
				811E4105207429DF000F0198 /* DBService+Conversations.swift */,
				811E4108207429E0000F0198 /* DBService+Messages.swift */,
				818BEE7D206606C400D9C62F /* DBService+UserProfile.swift */,
				818BEE9520688B1600D9C62F /* DBService+Likes.swift */,
				81D082D4206ABCEC00B44E6D /* DBService+Category.swift */,
				81E954B6205E1CE9004036D5 /* StorageService.swift */,
				818BEE7F206609C200D9C62F /* StorageService+Images.swift */,
				817AE430206C846E006C2CA4 /* FCMKeys.swift */,
				817AE432206C869A006C2CA4 /* FCMAPIClient.swift */,
			);
			path = Firebase;
			sourceTree = "<group>";
		};
		81F4F8E72063B9C8008D716B /* Welcome Views */ = {
			isa = PBXGroup;
			children = (
				8106D84E205D665B00F6EB3E /* WelcomeSlide.swift */,
				81E615F72060E1C400347CDA /* WelcomeLogoSlide.swift */,
				81BEEEBA206832EF0098A1C8 /* ProfileSetup.swift */,
			);
			path = "Welcome Views";
			sourceTree = "<group>";
		};
		81F4F8E82063B9D8008D716B /* Matches Views */ = {
			isa = PBXGroup;
			children = (
				819934AD2061CD440075696F /* MatchesCell.swift */,
				811E24CA20634BDF00E7CAF5 /* ConversationCell.swift */,
				81A7B0742063368200566323 /* ChatCell.swift */,
				81B03B352068FF9B002D1676 /* ChatView.swift */,
			);
			path = "Matches Views";
			sourceTree = "<group>";
		};
		81F8DC332065E45900FB2174 /* Matches Controllers */ = {
			isa = PBXGroup;
			children = (
				81F8DC382065E5B100FB2174 /* MatchesVC.swift */,
				81F8DC3A2065E5B900FB2174 /* ChatVC.swift */,
				817F9B722058B8E40061E1B6 /* VideoVC.swift */,
			);
			path = "Matches Controllers";
			sourceTree = "<group>";
		};
		81F8DC342065E46300FB2174 /* Dates Controllers */ = {
			isa = PBXGroup;
			children = (
				817F9B742058B8F70061E1B6 /* DatesVC.swift */,
				81729CD42066297300FD5737 /* SearchRestaurant.swift */,
				8106FFA220699B0200B02722 /* MakeDateVC.swift */,
			);
			path = "Dates Controllers";
			sourceTree = "<group>";
		};
		81F8DC352065E47100FB2174 /* Discover Controllers */ = {
			isa = PBXGroup;
			children = (
				81EB94072065B984006CD0AA /* FeedVC.swift */,
				817F9B682058B81C0061E1B6 /* DiscoverVC.swift */,
				81EB93F02065B2F0006CD0AA /* AdmirersVC.swift */,
			);
			path = "Discover Controllers";
			sourceTree = "<group>";
		};
		81F8DC362065E47C00FB2174 /* Profile Controllers */ = {
			isa = PBXGroup;
			children = (
				817F9B7A2058B9BA0061E1B6 /* ProfileVC.swift */,
				816511EF20670D5100F27F34 /* EditProfileFormViewController.swift */,
				8106FFB8206AF03E00B02722 /* UserProfileTableViewController.swift */,
			);
			path = "Profile Controllers";
			sourceTree = "<group>";
		};
		81F8DC372065E51D00FB2174 /* Dates Views */ = {
			isa = PBXGroup;
			children = (
				81EFF801206980CB005EA1A4 /* Cells */,
				81EFF7F320697BE2005EA1A4 /* CalenderView.swift */,
				81EFF7F720697BE3005EA1A4 /* MonthView.swift */,
				81EFF7F620697BE2005EA1A4 /* WeekdaysView.swift */,
				81EFF7F520697BE2005EA1A4 /* SelectRestaurantView.swift */,
				81EFF7F420697BE2005EA1A4 /* SearchRestView.swift */,
			);
			path = "Dates Views";
			sourceTree = "<group>";
		};
		8CB0A3244DA855F3B2A0B41A /* Pods */ = {
			isa = PBXGroup;
			children = (
				5572B6424E0BD1A00464C0FD /* Pods-Food+Love.debug.xcconfig */,
				F854EBC64664453D7ACE358A /* Pods-Food+Love.release.xcconfig */,
			);
			name = Pods;
			sourceTree = "<group>";
		};
		AF9362DDF127B9A0E1F33BB8 /* Frameworks */ = {
			isa = PBXGroup;
			children = (
				813E32392058F0A80076A98F /* MapKit.framework */,
				76602EB115892ADD0A77C58C /* Pods_Food_Love.framework */,
			);
			name = Frameworks;
			sourceTree = "<group>";
		};
/* End PBXGroup section */

/* Begin PBXNativeTarget section */
		817F9B42205863B10061E1B6 /* Food+Love */ = {
			isa = PBXNativeTarget;
			buildConfigurationList = 817F9B55205863B10061E1B6 /* Build configuration list for PBXNativeTarget "Food+Love" */;
			buildPhases = (
				492A291A8E3333DAE77B97C4 /* [CP] Check Pods Manifest.lock */,
				817F9B3F205863B10061E1B6 /* Sources */,
				817F9B40205863B10061E1B6 /* Frameworks */,
				817F9B41205863B10061E1B6 /* Resources */,
				7C00F414734BA7917F979D38 /* [CP] Embed Pods Frameworks */,
				56452CF8FFAB40D673EBF86A /* [CP] Copy Pods Resources */,
			);
			buildRules = (
			);
			dependencies = (
			);
			name = "Food+Love";
			productName = "Food+Love";
			productReference = 817F9B43205863B10061E1B6 /* Food+Love.app */;
			productType = "com.apple.product-type.application";
		};
/* End PBXNativeTarget section */

/* Begin PBXProject section */
		817F9B3B205863B10061E1B6 /* Project object */ = {
			isa = PBXProject;
			attributes = {
				LastSwiftUpdateCheck = 0920;
				LastUpgradeCheck = 0930;
				ORGANIZATIONNAME = "Winston Maragh";
				TargetAttributes = {
					817F9B42205863B10061E1B6 = {
						CreatedOnToolsVersion = 9.2;
						ProvisioningStyle = Automatic;
						SystemCapabilities = {
							com.apple.BackgroundModes = {
								enabled = 1;
							};
							com.apple.Keychain = {
								enabled = 1;
							};
							com.apple.Maps.iOS = {
								enabled = 1;
							};
							com.apple.Push = {
								enabled = 1;
							};
						};
					};
				};
			};
			buildConfigurationList = 817F9B3E205863B10061E1B6 /* Build configuration list for PBXProject "Food+Love" */;
			compatibilityVersion = "Xcode 8.0";
			developmentRegion = en;
			hasScannedForEncodings = 0;
			knownRegions = (
				en,
				Base,
			);
			mainGroup = 817F9B3A205863B10061E1B6;
			productRefGroup = 817F9B44205863B10061E1B6 /* Products */;
			projectDirPath = "";
			projectRoot = "";
			targets = (
				817F9B42205863B10061E1B6 /* Food+Love */,
			);
		};
/* End PBXProject section */

/* Begin PBXResourcesBuildPhase section */
		817F9B41205863B10061E1B6 /* Resources */ = {
			isa = PBXResourcesBuildPhase;
			buildActionMask = 2147483647;
			files = (
				8157B20A20767B87005F9259 /* NewDiscover.storyboard in Resources */,
				817F9B51205863B10061E1B6 /* LaunchScreen.storyboard in Resources */,
				817F9B6F2058B8840061E1B6 /* GoogleService-Info.plist in Resources */,
				81E615FA2060E2AA00347CDA /* girlguy.gif in Resources */,
				81AD5D912065DAC8007A5963 /* Dates.storyboard in Resources */,
				817F9B4E205863B10061E1B6 /* Icons.xcassets in Resources */,
				8195758C2066C023001F86F0 /* Restaurant.storyboard in Resources */,
				8106FFB7206AB75E00B02722 /* NewAdmirerCollectionViewCell.xib in Resources */,
				81C46B52207980AE0011760D /* swipeRightToLeft.gif in Resources */,
				81AD5D972065DBFA007A5963 /* Welcome.storyboard in Resources */,
				81AAF7ED206815C30077AAC2 /* FavoriteRestaurantTableViewCell.xib in Resources */,
				81C81F6C2077DDE300800144 /* Admirers.storyboard in Resources */,
				81AD5D9B2065DC2C007A5963 /* Matches.storyboard in Resources */,
				8157B21A20767BDF005F9259 /* UserProfileCollectionViewCell.xib in Resources */,
				81AD5D952065DBD6007A5963 /* Discover.storyboard in Resources */,
				8106FFB3206AB41D00B02722 /* NewDiscoverCollectionViewCell.xib in Resources */,
				81D6A00D205A0B0C001E9302 /* date.mp4 in Resources */,
				817F9B7F2058D5BB0061E1B6 /* Images.xcassets in Resources */,
				81F633FD206026A3003E2A82 /* couple.mp4 in Resources */,
				81BE09FC205DCE340099215D /* Main.storyboard in Resources */,
				81AD5D9E2065DCA9007A5963 /* Profile.storyboard in Resources */,
				81AAF7F5206844C00077AAC2 /* AnswerTableViewCell.xib in Resources */,
				815B2B41205C2FD6005C1C32 /* Theme.xcassets in Resources */,
				81E954C3205E3289004036D5 /* flowers.gif in Resources */,
			);
			runOnlyForDeploymentPostprocessing = 0;
		};
/* End PBXResourcesBuildPhase section */

/* Begin PBXShellScriptBuildPhase section */
		492A291A8E3333DAE77B97C4 /* [CP] Check Pods Manifest.lock */ = {
			isa = PBXShellScriptBuildPhase;
			buildActionMask = 2147483647;
			files = (
			);
			inputPaths = (
				"${PODS_PODFILE_DIR_PATH}/Podfile.lock",
				"${PODS_ROOT}/Manifest.lock",
			);
			name = "[CP] Check Pods Manifest.lock";
			outputPaths = (
				"$(DERIVED_FILE_DIR)/Pods-Food+Love-checkManifestLockResult.txt",
			);
			runOnlyForDeploymentPostprocessing = 0;
			shellPath = /bin/sh;
			shellScript = "diff \"${PODS_PODFILE_DIR_PATH}/Podfile.lock\" \"${PODS_ROOT}/Manifest.lock\" > /dev/null\nif [ $? != 0 ] ; then\n    # print error to STDERR\n    echo \"error: The sandbox is not in sync with the Podfile.lock. Run 'pod install' or update your CocoaPods installation.\" >&2\n    exit 1\nfi\n# This output is used by Xcode 'outputs' to avoid re-running this script phase.\necho \"SUCCESS\" > \"${SCRIPT_OUTPUT_FILE_0}\"\n";
			showEnvVarsInLog = 0;
		};
		56452CF8FFAB40D673EBF86A /* [CP] Copy Pods Resources */ = {
			isa = PBXShellScriptBuildPhase;
			buildActionMask = 2147483647;
			files = (
			);
			inputPaths = (
				"${SRCROOT}/Pods/Target Support Files/Pods-Food+Love/Pods-Food+Love-resources.sh",
				"${PODS_ROOT}/GoogleSignIn/Resources/GoogleSignIn.bundle",
			);
			name = "[CP] Copy Pods Resources";
			outputPaths = (
				"${TARGET_BUILD_DIR}/${UNLOCALIZED_RESOURCES_FOLDER_PATH}/GoogleSignIn.bundle",
			);
			runOnlyForDeploymentPostprocessing = 0;
			shellPath = /bin/sh;
			shellScript = "\"${SRCROOT}/Pods/Target Support Files/Pods-Food+Love/Pods-Food+Love-resources.sh\"\n";
			showEnvVarsInLog = 0;
		};
		7C00F414734BA7917F979D38 /* [CP] Embed Pods Frameworks */ = {
			isa = PBXShellScriptBuildPhase;
			buildActionMask = 2147483647;
			files = (
			);
			inputPaths = (
				"${SRCROOT}/Pods/Target Support Files/Pods-Food+Love/Pods-Food+Love-frameworks.sh",
				"${BUILT_PRODUCTS_DIR}/Bolts/Bolts.framework",
				"${BUILT_PRODUCTS_DIR}/Eureka/Eureka.framework",
				"${BUILT_PRODUCTS_DIR}/FBSDKCoreKit/FBSDKCoreKit.framework",
				"${BUILT_PRODUCTS_DIR}/FBSDKLoginKit/FBSDKLoginKit.framework",
				"${BUILT_PRODUCTS_DIR}/FBSDKShareKit/FBSDKShareKit.framework",
				"${BUILT_PRODUCTS_DIR}/GTMOAuth2/GTMOAuth2.framework",
				"${BUILT_PRODUCTS_DIR}/GTMSessionFetcher/GTMSessionFetcher.framework",
				"${BUILT_PRODUCTS_DIR}/GoogleToolboxForMac/GoogleToolboxForMac.framework",
				"${BUILT_PRODUCTS_DIR}/Parchment/Parchment.framework",
				"${BUILT_PRODUCTS_DIR}/Protobuf/Protobuf.framework",
				"${BUILT_PRODUCTS_DIR}/Toucan/Toucan.framework",
				"${BUILT_PRODUCTS_DIR}/expanding-collection/expanding_collection.framework",
				"${BUILT_PRODUCTS_DIR}/leveldb-library/leveldb.framework",
				"${BUILT_PRODUCTS_DIR}/nanopb/nanopb.framework",
			);
			name = "[CP] Embed Pods Frameworks";
			outputPaths = (
				"${TARGET_BUILD_DIR}/${FRAMEWORKS_FOLDER_PATH}/Bolts.framework",
				"${TARGET_BUILD_DIR}/${FRAMEWORKS_FOLDER_PATH}/Eureka.framework",
				"${TARGET_BUILD_DIR}/${FRAMEWORKS_FOLDER_PATH}/FBSDKCoreKit.framework",
				"${TARGET_BUILD_DIR}/${FRAMEWORKS_FOLDER_PATH}/FBSDKLoginKit.framework",
				"${TARGET_BUILD_DIR}/${FRAMEWORKS_FOLDER_PATH}/FBSDKShareKit.framework",
				"${TARGET_BUILD_DIR}/${FRAMEWORKS_FOLDER_PATH}/GTMOAuth2.framework",
				"${TARGET_BUILD_DIR}/${FRAMEWORKS_FOLDER_PATH}/GTMSessionFetcher.framework",
				"${TARGET_BUILD_DIR}/${FRAMEWORKS_FOLDER_PATH}/GoogleToolboxForMac.framework",
				"${TARGET_BUILD_DIR}/${FRAMEWORKS_FOLDER_PATH}/Parchment.framework",
				"${TARGET_BUILD_DIR}/${FRAMEWORKS_FOLDER_PATH}/Protobuf.framework",
				"${TARGET_BUILD_DIR}/${FRAMEWORKS_FOLDER_PATH}/Toucan.framework",
				"${TARGET_BUILD_DIR}/${FRAMEWORKS_FOLDER_PATH}/expanding_collection.framework",
				"${TARGET_BUILD_DIR}/${FRAMEWORKS_FOLDER_PATH}/leveldb.framework",
				"${TARGET_BUILD_DIR}/${FRAMEWORKS_FOLDER_PATH}/nanopb.framework",
			);
			runOnlyForDeploymentPostprocessing = 0;
			shellPath = /bin/sh;
			shellScript = "\"${SRCROOT}/Pods/Target Support Files/Pods-Food+Love/Pods-Food+Love-frameworks.sh\"\n";
			showEnvVarsInLog = 0;
		};
/* End PBXShellScriptBuildPhase section */

/* Begin PBXSourcesBuildPhase section */
		817F9B3F205863B10061E1B6 /* Sources */ = {
			isa = PBXSourcesBuildPhase;
			buildActionMask = 2147483647;
			files = (
				81F8DC392065E5B100FB2174 /* MatchesVC.swift in Sources */,
				8157B21220767BD1005F9259 /* UserViewController.swift in Sources */,
				811E410C207429E0000F0198 /* DBService+Messages.swift in Sources */,
				81E615F32060C3AA00347CDA /* UIViewX.swift in Sources */,
				8157B21720767BDF005F9259 /* FaveFoodsCollectionViewCell.swift in Sources */,
				8195758A2066B009001F86F0 /* FaveFoodCollectionViewCell.swift in Sources */,
				819934AE2061CD440075696F /* MatchesCell.swift in Sources */,
				811E24CB20634BDF00E7CAF5 /* ConversationCell.swift in Sources */,
				819934B2206308D30075696F /* Conversation.swift in Sources */,
				81E615F12060C35C00347CDA /* UIImageViewX.swift in Sources */,
				8157B21E20767C47005F9259 /* Rotatable.swift in Sources */,
				817AE42F206C825D006C2CA4 /* MessageFCM.swift in Sources */,
				81EFF7F920697BE3005EA1A4 /* SearchRestView.swift in Sources */,
				81D082D7206ACB2400B44E6D /* FoodCategory.swift in Sources */,
				81D26F1F20598DAD00BEBC47 /* NetworkHelper.swift in Sources */,
				81729CD52066297300FD5737 /* SearchRestaurant.swift in Sources */,
				81F8DC3B2065E5BA00FB2174 /* ChatVC.swift in Sources */,
				817F9B7B2058B9BA0061E1B6 /* ProfileVC.swift in Sources */,
				81D26F1D20598D9200BEBC47 /* ImageService.swift in Sources */,
				81B03B362068FF9B002D1676 /* ChatView.swift in Sources */,
				81A7B0752063368200566323 /* ChatCell.swift in Sources */,
				8106FFB9206AF03E00B02722 /* UserProfileTableViewController.swift in Sources */,
				81F8DC3D2065E5E100FB2174 /* DatesCell.swift in Sources */,
				817F9B612058B7B50061E1B6 /* WelcomeVC.swift in Sources */,
				817F9B692058B81C0061E1B6 /* DiscoverVC.swift in Sources */,
				81D26F1720598D1600BEBC47 /* FourSquareAPIKeys.swift in Sources */,
				816511F2206714F200F27F34 /* UserPicturesCollectionViewCell.swift in Sources */,
				81EB93F12065B2F0006CD0AA /* AdmirersVC.swift in Sources */,
				8106FFB6206AB75E00B02722 /* NewAdmirerCollectionViewCell.swift in Sources */,
				81D26F0620598AF800BEBC47 /* FSPhoto.swift in Sources */,
				8106FFA320699B0200B02722 /* MakeDateVC.swift in Sources */,
				8106FFB2206AB41D00B02722 /* NewDiscoverCollectionViewCell.swift in Sources */,
				81BEEEBB206832EF0098A1C8 /* ProfileSetup.swift in Sources */,
				817F9B652058B7F20061E1B6 /* SignupVC.swift in Sources */,
				8195758F2066C8B9001F86F0 /* RestaurantDetailViewController.swift in Sources */,
				81D082D5206ABCEC00B44E6D /* DBService+Category.swift in Sources */,
				81D26F0A20598B7000BEBC47 /* FSSearch.swift in Sources */,
				8157B20C20767BAF005F9259 /* ConfigurationHelper.swift in Sources */,
				81EFF7F820697BE3005EA1A4 /* CalenderView.swift in Sources */,
				8157B20E20767BBE005F9259 /* CollectionViewHelper.swift in Sources */,
				81D26F1220598C9700BEBC47 /* FileManager.swift in Sources */,
				81EFF7FB20697BE3005EA1A4 /* WeekdaysView.swift in Sources */,
				817F9B752058B8F70061E1B6 /* DatesVC.swift in Sources */,
				811E410A207429E0000F0198 /* AuthService.swift in Sources */,
				8106D84F205D665B00F6EB3E /* WelcomeSlide.swift in Sources */,
				81A9976220758B830021F823 /* UILabelX.swift in Sources */,
				818BEE9620688B1600D9C62F /* DBService+Likes.swift in Sources */,
				81D26F1920598D3000BEBC47 /* YelpAPIKeys.swift in Sources */,
				81EFF803206980D5005EA1A4 /* RestaurantTVCell.swift in Sources */,
				815B2B3F205C2F92005C1C32 /* Extensions.swift in Sources */,
				811E4109207429E0000F0198 /* DBService+Conversations.swift in Sources */,
				81EFF7FA20697BE3005EA1A4 /* SelectRestaurantView.swift in Sources */,
				817AE433206C869A006C2CA4 /* FCMAPIClient.swift in Sources */,
				818BEE7E206606C400D9C62F /* DBService+UserProfile.swift in Sources */,
				819575922066CAAE001F86F0 /* RestaurantTableViewCell.swift in Sources */,
				81EB94082065B984006CD0AA /* FeedVC.swift in Sources */,
				81E615E52060B9D800347CDA /* UIButtonX.swift in Sources */,
				8157B21920767BDF005F9259 /* UserProfileCollectionViewCell.swift in Sources */,
				8157B21D20767C47005F9259 /* AnimatedButtonBar.swift in Sources */,
				8157B21820767BDF005F9259 /* UserDetailTableViewController.swift in Sources */,
				818BEE80206609C200D9C62F /* StorageService+Images.swift in Sources */,
				811E410B207429E0000F0198 /* DBService+Lovers.swift in Sources */,
				81D26F1020598C5E00BEBC47 /* MapAnnotation.swift in Sources */,
				81BE0A03205DF8B90099215D /* Lover.swift in Sources */,
				817F9B672058B8060061E1B6 /* SetupProfileVC.swift in Sources */,
				81FB25BF2076BED700FE30B1 /* DatesCellColapsed.swift in Sources */,
				81D26F1B20598D6300BEBC47 /* LocationServices.swift in Sources */,
				81E954BB205E1CEA004036D5 /* StorageService.swift in Sources */,
				81E954BE205E1CEA004036D5 /* DBService.swift in Sources */,
				81BE0A04205DF8B90099215D /* Message.swift in Sources */,
				81E954BD205E1CEA004036D5 /* AuthUserService.swift in Sources */,
				817F9B47205863B10061E1B6 /* AppDelegate.swift in Sources */,
				817AE431206C846E006C2CA4 /* FCMKeys.swift in Sources */,
				81D26F0E20598C3300BEBC47 /* YelpSearch.swift in Sources */,
				81EFF7FC20697BE3005EA1A4 /* MonthView.swift in Sources */,
				817F9B632058B7D70061E1B6 /* LoginVC.swift in Sources */,
				81E615F82060E1C400347CDA /* WelcomeLogoSlide.swift in Sources */,
				8157B21020767BC5005F9259 /* StoryboardHelper.swift in Sources */,
				8166964C20733E3500179C38 /* OtherUserProfileCollectionCell.swift in Sources */,
				816511F020670D5100F27F34 /* EditProfileFormViewController.swift in Sources */,
				81BE0A00205DDD5E0099215D /* UITextFieldX.swift in Sources */,
				817AE435206D679E006C2CA4 /* PlanDate.swift in Sources */,
				817F9B732058B8E40061E1B6 /* VideoVC.swift in Sources */,
				81AAF7F4206844C00077AAC2 /* AnswerTableViewCell.swift in Sources */,
				81AAF7EC206815C30077AAC2 /* FavoriteRestaurantTableViewCell.swift in Sources */,
			);
			runOnlyForDeploymentPostprocessing = 0;
		};
/* End PBXSourcesBuildPhase section */

/* Begin PBXVariantGroup section */
		817F9B4F205863B10061E1B6 /* LaunchScreen.storyboard */ = {
			isa = PBXVariantGroup;
			children = (
				817F9B50205863B10061E1B6 /* Base */,
			);
			name = LaunchScreen.storyboard;
			sourceTree = "<group>";
		};
/* End PBXVariantGroup section */

/* Begin XCBuildConfiguration section */
		817F9B53205863B10061E1B6 /* Debug */ = {
			isa = XCBuildConfiguration;
			buildSettings = {
				ALWAYS_SEARCH_USER_PATHS = NO;
				CLANG_ANALYZER_NONNULL = YES;
				CLANG_ANALYZER_NUMBER_OBJECT_CONVERSION = YES_AGGRESSIVE;
				CLANG_CXX_LANGUAGE_STANDARD = "gnu++14";
				CLANG_CXX_LIBRARY = "libc++";
				CLANG_ENABLE_MODULES = YES;
				CLANG_ENABLE_OBJC_ARC = YES;
				CLANG_WARN_BLOCK_CAPTURE_AUTORELEASING = YES;
				CLANG_WARN_BOOL_CONVERSION = YES;
				CLANG_WARN_COMMA = YES;
				CLANG_WARN_CONSTANT_CONVERSION = YES;
				CLANG_WARN_DEPRECATED_OBJC_IMPLEMENTATIONS = YES;
				CLANG_WARN_DIRECT_OBJC_ISA_USAGE = YES_ERROR;
				CLANG_WARN_DOCUMENTATION_COMMENTS = YES;
				CLANG_WARN_EMPTY_BODY = YES;
				CLANG_WARN_ENUM_CONVERSION = YES;
				CLANG_WARN_INFINITE_RECURSION = YES;
				CLANG_WARN_INT_CONVERSION = YES;
				CLANG_WARN_NON_LITERAL_NULL_CONVERSION = YES;
				CLANG_WARN_OBJC_IMPLICIT_RETAIN_SELF = YES;
				CLANG_WARN_OBJC_LITERAL_CONVERSION = YES;
				CLANG_WARN_OBJC_ROOT_CLASS = YES_ERROR;
				CLANG_WARN_RANGE_LOOP_ANALYSIS = YES;
				CLANG_WARN_STRICT_PROTOTYPES = YES;
				CLANG_WARN_SUSPICIOUS_MOVE = YES;
				CLANG_WARN_UNGUARDED_AVAILABILITY = YES_AGGRESSIVE;
				CLANG_WARN_UNREACHABLE_CODE = YES;
				CLANG_WARN__DUPLICATE_METHOD_MATCH = YES;
				CODE_SIGN_IDENTITY = "iPhone Developer";
				COPY_PHASE_STRIP = NO;
				DEBUG_INFORMATION_FORMAT = dwarf;
				ENABLE_STRICT_OBJC_MSGSEND = YES;
				ENABLE_TESTABILITY = YES;
				GCC_C_LANGUAGE_STANDARD = gnu11;
				GCC_DYNAMIC_NO_PIC = NO;
				GCC_NO_COMMON_BLOCKS = YES;
				GCC_OPTIMIZATION_LEVEL = 0;
				GCC_PREPROCESSOR_DEFINITIONS = (
					"DEBUG=1",
					"$(inherited)",
				);
				GCC_WARN_64_TO_32_BIT_CONVERSION = YES;
				GCC_WARN_ABOUT_RETURN_TYPE = YES_ERROR;
				GCC_WARN_UNDECLARED_SELECTOR = YES;
				GCC_WARN_UNINITIALIZED_AUTOS = YES_AGGRESSIVE;
				GCC_WARN_UNUSED_FUNCTION = YES;
				GCC_WARN_UNUSED_VARIABLE = YES;
				IPHONEOS_DEPLOYMENT_TARGET = 11.2;
				MTL_ENABLE_DEBUG_INFO = YES;
				ONLY_ACTIVE_ARCH = YES;
				SDKROOT = iphoneos;
				SWIFT_ACTIVE_COMPILATION_CONDITIONS = DEBUG;
				SWIFT_OPTIMIZATION_LEVEL = "-Onone";
			};
			name = Debug;
		};
		817F9B54205863B10061E1B6 /* Release */ = {
			isa = XCBuildConfiguration;
			buildSettings = {
				ALWAYS_SEARCH_USER_PATHS = NO;
				CLANG_ANALYZER_NONNULL = YES;
				CLANG_ANALYZER_NUMBER_OBJECT_CONVERSION = YES_AGGRESSIVE;
				CLANG_CXX_LANGUAGE_STANDARD = "gnu++14";
				CLANG_CXX_LIBRARY = "libc++";
				CLANG_ENABLE_MODULES = YES;
				CLANG_ENABLE_OBJC_ARC = YES;
				CLANG_WARN_BLOCK_CAPTURE_AUTORELEASING = YES;
				CLANG_WARN_BOOL_CONVERSION = YES;
				CLANG_WARN_COMMA = YES;
				CLANG_WARN_CONSTANT_CONVERSION = YES;
				CLANG_WARN_DEPRECATED_OBJC_IMPLEMENTATIONS = YES;
				CLANG_WARN_DIRECT_OBJC_ISA_USAGE = YES_ERROR;
				CLANG_WARN_DOCUMENTATION_COMMENTS = YES;
				CLANG_WARN_EMPTY_BODY = YES;
				CLANG_WARN_ENUM_CONVERSION = YES;
				CLANG_WARN_INFINITE_RECURSION = YES;
				CLANG_WARN_INT_CONVERSION = YES;
				CLANG_WARN_NON_LITERAL_NULL_CONVERSION = YES;
				CLANG_WARN_OBJC_IMPLICIT_RETAIN_SELF = YES;
				CLANG_WARN_OBJC_LITERAL_CONVERSION = YES;
				CLANG_WARN_OBJC_ROOT_CLASS = YES_ERROR;
				CLANG_WARN_RANGE_LOOP_ANALYSIS = YES;
				CLANG_WARN_STRICT_PROTOTYPES = YES;
				CLANG_WARN_SUSPICIOUS_MOVE = YES;
				CLANG_WARN_UNGUARDED_AVAILABILITY = YES_AGGRESSIVE;
				CLANG_WARN_UNREACHABLE_CODE = YES;
				CLANG_WARN__DUPLICATE_METHOD_MATCH = YES;
				CODE_SIGN_IDENTITY = "iPhone Developer";
				COPY_PHASE_STRIP = NO;
				DEBUG_INFORMATION_FORMAT = "dwarf-with-dsym";
				ENABLE_NS_ASSERTIONS = NO;
				ENABLE_STRICT_OBJC_MSGSEND = YES;
				GCC_C_LANGUAGE_STANDARD = gnu11;
				GCC_NO_COMMON_BLOCKS = YES;
				GCC_WARN_64_TO_32_BIT_CONVERSION = YES;
				GCC_WARN_ABOUT_RETURN_TYPE = YES_ERROR;
				GCC_WARN_UNDECLARED_SELECTOR = YES;
				GCC_WARN_UNINITIALIZED_AUTOS = YES_AGGRESSIVE;
				GCC_WARN_UNUSED_FUNCTION = YES;
				GCC_WARN_UNUSED_VARIABLE = YES;
				IPHONEOS_DEPLOYMENT_TARGET = 11.2;
				MTL_ENABLE_DEBUG_INFO = NO;
				SDKROOT = iphoneos;
				SWIFT_OPTIMIZATION_LEVEL = "-Owholemodule";
				VALIDATE_PRODUCT = YES;
			};
			name = Release;
		};
		817F9B56205863B10061E1B6 /* Debug */ = {
			isa = XCBuildConfiguration;
			baseConfigurationReference = 5572B6424E0BD1A00464C0FD /* Pods-Food+Love.debug.xcconfig */;
			buildSettings = {
				ASSETCATALOG_COMPILER_APPICON_NAME = AppIcon;
				ASSETCATALOG_COMPILER_LAUNCHIMAGE_NAME = LaunchImage;
				CODE_SIGN_ENTITLEMENTS = "Food+Love/Food+Love.entitlements";
				CODE_SIGN_IDENTITY = "iPhone Developer";
				"CODE_SIGN_IDENTITY[sdk=iphoneos*]" = "iPhone Developer";
				CODE_SIGN_STYLE = Automatic;
				DEVELOPMENT_TEAM = DRF3BB53BA;
				INFOPLIST_FILE = "$(SRCROOT)/Food+Love/SupportingFiles/Info.plist";
				LD_RUNPATH_SEARCH_PATHS = "$(inherited) @executable_path/Frameworks";
				PRODUCT_BUNDLE_IDENTIFIER = "com.xcodeable.Food-Love";
				PRODUCT_NAME = "$(TARGET_NAME)";
				PROVISIONING_PROFILE = "";
				PROVISIONING_PROFILE_SPECIFIER = "";
				SWIFT_VERSION = 4.0;
				TARGETED_DEVICE_FAMILY = "1,2";
			};
			name = Debug;
		};
		817F9B57205863B10061E1B6 /* Release */ = {
			isa = XCBuildConfiguration;
			baseConfigurationReference = F854EBC64664453D7ACE358A /* Pods-Food+Love.release.xcconfig */;
			buildSettings = {
				ASSETCATALOG_COMPILER_APPICON_NAME = AppIcon;
				ASSETCATALOG_COMPILER_LAUNCHIMAGE_NAME = LaunchImage;
				CODE_SIGN_ENTITLEMENTS = "Food+Love/Food+Love.entitlements";
				CODE_SIGN_IDENTITY = "iPhone Developer";
				"CODE_SIGN_IDENTITY[sdk=iphoneos*]" = "iPhone Developer";
				CODE_SIGN_STYLE = Automatic;
				DEVELOPMENT_TEAM = DRF3BB53BA;
				INFOPLIST_FILE = "$(SRCROOT)/Food+Love/SupportingFiles/Info.plist";
				LD_RUNPATH_SEARCH_PATHS = "$(inherited) @executable_path/Frameworks";
				PRODUCT_BUNDLE_IDENTIFIER = "com.xcodeable.Food-Love";
				PRODUCT_NAME = "$(TARGET_NAME)";
				PROVISIONING_PROFILE = "";
				PROVISIONING_PROFILE_SPECIFIER = "";
				SWIFT_VERSION = 4.0;
				TARGETED_DEVICE_FAMILY = "1,2";
			};
			name = Release;
		};
/* End XCBuildConfiguration section */

/* Begin XCConfigurationList section */
		817F9B3E205863B10061E1B6 /* Build configuration list for PBXProject "Food+Love" */ = {
			isa = XCConfigurationList;
			buildConfigurations = (
				817F9B53205863B10061E1B6 /* Debug */,
				817F9B54205863B10061E1B6 /* Release */,
			);
			defaultConfigurationIsVisible = 0;
			defaultConfigurationName = Release;
		};
		817F9B55205863B10061E1B6 /* Build configuration list for PBXNativeTarget "Food+Love" */ = {
			isa = XCConfigurationList;
			buildConfigurations = (
				817F9B56205863B10061E1B6 /* Debug */,
				817F9B57205863B10061E1B6 /* Release */,
			);
			defaultConfigurationIsVisible = 0;
			defaultConfigurationName = Release;
		};
/* End XCConfigurationList section */
	};
	rootObject = 817F9B3B205863B10061E1B6 /* Project object */;
}
